// !$*UTF8*$!
{
	archiveVersion = 1;
	classes = {
	};
	objectVersion = 56;
	objects = {

/* Begin PBXBuildFile section */
		E008F6D828F2D19100AB4A33 /* test_ios_workflowApp.swift in Sources */ = {isa = PBXBuildFile; fileRef = E008F6D728F2D19100AB4A33 /* test_ios_workflowApp.swift */; };
		E008F6DA28F2D19100AB4A33 /* ContentView.swift in Sources */ = {isa = PBXBuildFile; fileRef = E008F6D928F2D19100AB4A33 /* ContentView.swift */; };
		E008F6DC28F2D19200AB4A33 /* Assets.xcassets in Resources */ = {isa = PBXBuildFile; fileRef = E008F6DB28F2D19200AB4A33 /* Assets.xcassets */; };
		E008F6DF28F2D19200AB4A33 /* Preview Assets.xcassets in Resources */ = {isa = PBXBuildFile; fileRef = E008F6DE28F2D19200AB4A33 /* Preview Assets.xcassets */; };
		E008F6E928F2D19200AB4A33 /* test_ios_workflowTests.swift in Sources */ = {isa = PBXBuildFile; fileRef = E008F6E828F2D19200AB4A33 /* test_ios_workflowTests.swift */; };
		E008F6F328F2D19200AB4A33 /* test_ios_workflowUITests.swift in Sources */ = {isa = PBXBuildFile; fileRef = E008F6F228F2D19200AB4A33 /* test_ios_workflowUITests.swift */; };
		E008F6F528F2D19200AB4A33 /* test_ios_workflowUITestsLaunchTests.swift in Sources */ = {isa = PBXBuildFile; fileRef = E008F6F428F2D19200AB4A33 /* test_ios_workflowUITestsLaunchTests.swift */; };
/* End PBXBuildFile section */

/* Begin PBXContainerItemProxy section */
		E008F6E528F2D19200AB4A33 /* PBXContainerItemProxy */ = {
			isa = PBXContainerItemProxy;
			containerPortal = E008F6CC28F2D19100AB4A33 /* Project object */;
			proxyType = 1;
			remoteGlobalIDString = E008F6D328F2D19100AB4A33;
			remoteInfo = test_ios_workflow;
		};
		E008F6EF28F2D19200AB4A33 /* PBXContainerItemProxy */ = {
			isa = PBXContainerItemProxy;
			containerPortal = E008F6CC28F2D19100AB4A33 /* Project object */;
			proxyType = 1;
			remoteGlobalIDString = E008F6D328F2D19100AB4A33;
			remoteInfo = test_ios_workflow;
		};
/* End PBXContainerItemProxy section */

/* Begin PBXFileReference section */
		E008F6D428F2D19100AB4A33 /* test_ios_workflow.app */ = {isa = PBXFileReference; explicitFileType = wrapper.application; includeInIndex = 0; path = test_ios_workflow.app; sourceTree = BUILT_PRODUCTS_DIR; };
		E008F6D728F2D19100AB4A33 /* test_ios_workflowApp.swift */ = {isa = PBXFileReference; lastKnownFileType = sourcecode.swift; path = test_ios_workflowApp.swift; sourceTree = "<group>"; };
		E008F6D928F2D19100AB4A33 /* ContentView.swift */ = {isa = PBXFileReference; lastKnownFileType = sourcecode.swift; path = ContentView.swift; sourceTree = "<group>"; };
		E008F6DB28F2D19200AB4A33 /* Assets.xcassets */ = {isa = PBXFileReference; lastKnownFileType = folder.assetcatalog; path = Assets.xcassets; sourceTree = "<group>"; };
		E008F6DE28F2D19200AB4A33 /* Preview Assets.xcassets */ = {isa = PBXFileReference; lastKnownFileType = folder.assetcatalog; path = "Preview Assets.xcassets"; sourceTree = "<group>"; };
		E008F6E428F2D19200AB4A33 /* test_ios_workflowTests.xctest */ = {isa = PBXFileReference; explicitFileType = wrapper.cfbundle; includeInIndex = 0; path = test_ios_workflowTests.xctest; sourceTree = BUILT_PRODUCTS_DIR; };
		E008F6E828F2D19200AB4A33 /* test_ios_workflowTests.swift */ = {isa = PBXFileReference; lastKnownFileType = sourcecode.swift; path = test_ios_workflowTests.swift; sourceTree = "<group>"; };
		E008F6EE28F2D19200AB4A33 /* test_ios_workflowUITests.xctest */ = {isa = PBXFileReference; explicitFileType = wrapper.cfbundle; includeInIndex = 0; path = test_ios_workflowUITests.xctest; sourceTree = BUILT_PRODUCTS_DIR; };
		E008F6F228F2D19200AB4A33 /* test_ios_workflowUITests.swift */ = {isa = PBXFileReference; lastKnownFileType = sourcecode.swift; path = test_ios_workflowUITests.swift; sourceTree = "<group>"; };
		E008F6F428F2D19200AB4A33 /* test_ios_workflowUITestsLaunchTests.swift */ = {isa = PBXFileReference; lastKnownFileType = sourcecode.swift; path = test_ios_workflowUITestsLaunchTests.swift; sourceTree = "<group>"; };
/* End PBXFileReference section */

/* Begin PBXFrameworksBuildPhase section */
		E008F6D128F2D19100AB4A33 /* Frameworks */ = {
			isa = PBXFrameworksBuildPhase;
			buildActionMask = 2147483647;
			files = (
			);
			runOnlyForDeploymentPostprocessing = 0;
		};
		E008F6E128F2D19200AB4A33 /* Frameworks */ = {
			isa = PBXFrameworksBuildPhase;
			buildActionMask = 2147483647;
			files = (
			);
			runOnlyForDeploymentPostprocessing = 0;
		};
		E008F6EB28F2D19200AB4A33 /* Frameworks */ = {
			isa = PBXFrameworksBuildPhase;
			buildActionMask = 2147483647;
			files = (
			);
			runOnlyForDeploymentPostprocessing = 0;
		};
/* End PBXFrameworksBuildPhase section */

/* Begin PBXGroup section */
		E008F6CB28F2D19100AB4A33 = {
			isa = PBXGroup;
			children = (
				E008F6D628F2D19100AB4A33 /* test_ios_workflow */,
				E008F6E728F2D19200AB4A33 /* test_ios_workflowTests */,
				E008F6F128F2D19200AB4A33 /* test_ios_workflowUITests */,
				E008F6D528F2D19100AB4A33 /* Products */,
			);
			sourceTree = "<group>";
		};
		E008F6D528F2D19100AB4A33 /* Products */ = {
			isa = PBXGroup;
			children = (
				E008F6D428F2D19100AB4A33 /* test_ios_workflow.app */,
				E008F6E428F2D19200AB4A33 /* test_ios_workflowTests.xctest */,
				E008F6EE28F2D19200AB4A33 /* test_ios_workflowUITests.xctest */,
			);
			name = Products;
			sourceTree = "<group>";
		};
		E008F6D628F2D19100AB4A33 /* test_ios_workflow */ = {
			isa = PBXGroup;
			children = (
				E008F6D728F2D19100AB4A33 /* test_ios_workflowApp.swift */,
				E008F6D928F2D19100AB4A33 /* ContentView.swift */,
				E008F6DB28F2D19200AB4A33 /* Assets.xcassets */,
				E008F6DD28F2D19200AB4A33 /* Preview Content */,
			);
			path = test_ios_workflow;
			sourceTree = "<group>";
		};
		E008F6DD28F2D19200AB4A33 /* Preview Content */ = {
			isa = PBXGroup;
			children = (
				E008F6DE28F2D19200AB4A33 /* Preview Assets.xcassets */,
			);
			path = "Preview Content";
			sourceTree = "<group>";
		};
		E008F6E728F2D19200AB4A33 /* test_ios_workflowTests */ = {
			isa = PBXGroup;
			children = (
				E008F6E828F2D19200AB4A33 /* test_ios_workflowTests.swift */,
			);
			path = test_ios_workflowTests;
			sourceTree = "<group>";
		};
		E008F6F128F2D19200AB4A33 /* test_ios_workflowUITests */ = {
			isa = PBXGroup;
			children = (
				E008F6F228F2D19200AB4A33 /* test_ios_workflowUITests.swift */,
				E008F6F428F2D19200AB4A33 /* test_ios_workflowUITestsLaunchTests.swift */,
			);
			path = test_ios_workflowUITests;
			sourceTree = "<group>";
		};
/* End PBXGroup section */

/* Begin PBXNativeTarget section */
		E008F6D328F2D19100AB4A33 /* test_ios_workflow */ = {
			isa = PBXNativeTarget;
			buildConfigurationList = E008F6F828F2D19200AB4A33 /* Build configuration list for PBXNativeTarget "test_ios_workflow" */;
			buildPhases = (
				E008F6D028F2D19100AB4A33 /* Sources */,
				E008F6D128F2D19100AB4A33 /* Frameworks */,
				E008F6D228F2D19100AB4A33 /* Resources */,
			);
			buildRules = (
			);
			dependencies = (
			);
			name = test_ios_workflow;
			productName = test_ios_workflow;
			productReference = E008F6D428F2D19100AB4A33 /* test_ios_workflow.app */;
			productType = "com.apple.product-type.application";
		};
		E008F6E328F2D19200AB4A33 /* test_ios_workflowTests */ = {
			isa = PBXNativeTarget;
			buildConfigurationList = E008F6FB28F2D19200AB4A33 /* Build configuration list for PBXNativeTarget "test_ios_workflowTests" */;
			buildPhases = (
				E008F6E028F2D19200AB4A33 /* Sources */,
				E008F6E128F2D19200AB4A33 /* Frameworks */,
				E008F6E228F2D19200AB4A33 /* Resources */,
			);
			buildRules = (
			);
			dependencies = (
				E008F6E628F2D19200AB4A33 /* PBXTargetDependency */,
			);
			name = test_ios_workflowTests;
			productName = test_ios_workflowTests;
			productReference = E008F6E428F2D19200AB4A33 /* test_ios_workflowTests.xctest */;
			productType = "com.apple.product-type.bundle.unit-test";
		};
		E008F6ED28F2D19200AB4A33 /* test_ios_workflowUITests */ = {
			isa = PBXNativeTarget;
			buildConfigurationList = E008F6FE28F2D19200AB4A33 /* Build configuration list for PBXNativeTarget "test_ios_workflowUITests" */;
			buildPhases = (
				E008F6EA28F2D19200AB4A33 /* Sources */,
				E008F6EB28F2D19200AB4A33 /* Frameworks */,
				E008F6EC28F2D19200AB4A33 /* Resources */,
			);
			buildRules = (
			);
			dependencies = (
				E008F6F028F2D19200AB4A33 /* PBXTargetDependency */,
			);
			name = test_ios_workflowUITests;
			productName = test_ios_workflowUITests;
			productReference = E008F6EE28F2D19200AB4A33 /* test_ios_workflowUITests.xctest */;
			productType = "com.apple.product-type.bundle.ui-testing";
		};
/* End PBXNativeTarget section */

/* Begin PBXProject section */
		E008F6CC28F2D19100AB4A33 /* Project object */ = {
			isa = PBXProject;
			attributes = {
				BuildIndependentTargetsInParallel = 1;
				LastSwiftUpdateCheck = 1400;
				LastUpgradeCheck = 1400;
				TargetAttributes = {
					E008F6D328F2D19100AB4A33 = {
						CreatedOnToolsVersion = 14.0.1;
					};
					E008F6E328F2D19200AB4A33 = {
						CreatedOnToolsVersion = 14.0.1;
						TestTargetID = E008F6D328F2D19100AB4A33;
					};
					E008F6ED28F2D19200AB4A33 = {
						CreatedOnToolsVersion = 14.0.1;
						TestTargetID = E008F6D328F2D19100AB4A33;
					};
				};
			};
			buildConfigurationList = E008F6CF28F2D19100AB4A33 /* Build configuration list for PBXProject "test_ios_workflow" */;
			compatibilityVersion = "Xcode 14.0";
			developmentRegion = en;
			hasScannedForEncodings = 0;
			knownRegions = (
				en,
				Base,
			);
			mainGroup = E008F6CB28F2D19100AB4A33;
			productRefGroup = E008F6D528F2D19100AB4A33 /* Products */;
			projectDirPath = "";
			projectRoot = "";
			targets = (
				E008F6D328F2D19100AB4A33 /* test_ios_workflow */,
				E008F6E328F2D19200AB4A33 /* test_ios_workflowTests */,
				E008F6ED28F2D19200AB4A33 /* test_ios_workflowUITests */,
			);
		};
/* End PBXProject section */

/* Begin PBXResourcesBuildPhase section */
		E008F6D228F2D19100AB4A33 /* Resources */ = {
			isa = PBXResourcesBuildPhase;
			buildActionMask = 2147483647;
			files = (
				E008F6DF28F2D19200AB4A33 /* Preview Assets.xcassets in Resources */,
				E008F6DC28F2D19200AB4A33 /* Assets.xcassets in Resources */,
			);
			runOnlyForDeploymentPostprocessing = 0;
		};
		E008F6E228F2D19200AB4A33 /* Resources */ = {
			isa = PBXResourcesBuildPhase;
			buildActionMask = 2147483647;
			files = (
			);
			runOnlyForDeploymentPostprocessing = 0;
		};
		E008F6EC28F2D19200AB4A33 /* Resources */ = {
			isa = PBXResourcesBuildPhase;
			buildActionMask = 2147483647;
			files = (
			);
			runOnlyForDeploymentPostprocessing = 0;
		};
/* End PBXResourcesBuildPhase section */

/* Begin PBXSourcesBuildPhase section */
		E008F6D028F2D19100AB4A33 /* Sources */ = {
			isa = PBXSourcesBuildPhase;
			buildActionMask = 2147483647;
			files = (
				E008F6DA28F2D19100AB4A33 /* ContentView.swift in Sources */,
				E008F6D828F2D19100AB4A33 /* test_ios_workflowApp.swift in Sources */,
			);
			runOnlyForDeploymentPostprocessing = 0;
		};
		E008F6E028F2D19200AB4A33 /* Sources */ = {
			isa = PBXSourcesBuildPhase;
			buildActionMask = 2147483647;
			files = (
				E008F6E928F2D19200AB4A33 /* test_ios_workflowTests.swift in Sources */,
			);
			runOnlyForDeploymentPostprocessing = 0;
		};
		E008F6EA28F2D19200AB4A33 /* Sources */ = {
			isa = PBXSourcesBuildPhase;
			buildActionMask = 2147483647;
			files = (
				E008F6F328F2D19200AB4A33 /* test_ios_workflowUITests.swift in Sources */,
				E008F6F528F2D19200AB4A33 /* test_ios_workflowUITestsLaunchTests.swift in Sources */,
			);
			runOnlyForDeploymentPostprocessing = 0;
		};
/* End PBXSourcesBuildPhase section */

/* Begin PBXTargetDependency section */
		E008F6E628F2D19200AB4A33 /* PBXTargetDependency */ = {
			isa = PBXTargetDependency;
			target = E008F6D328F2D19100AB4A33 /* test_ios_workflow */;
			targetProxy = E008F6E528F2D19200AB4A33 /* PBXContainerItemProxy */;
		};
		E008F6F028F2D19200AB4A33 /* PBXTargetDependency */ = {
			isa = PBXTargetDependency;
			target = E008F6D328F2D19100AB4A33 /* test_ios_workflow */;
			targetProxy = E008F6EF28F2D19200AB4A33 /* PBXContainerItemProxy */;
		};
/* End PBXTargetDependency section */

/* Begin XCBuildConfiguration section */
		E008F6F628F2D19200AB4A33 /* Debug */ = {
			isa = XCBuildConfiguration;
			buildSettings = {
				ALWAYS_SEARCH_USER_PATHS = NO;
				CLANG_ANALYZER_NONNULL = YES;
				CLANG_ANALYZER_NUMBER_OBJECT_CONVERSION = YES_AGGRESSIVE;
				CLANG_CXX_LANGUAGE_STANDARD = "gnu++20";
				CLANG_ENABLE_MODULES = YES;
				CLANG_ENABLE_OBJC_ARC = YES;
				CLANG_ENABLE_OBJC_WEAK = YES;
				CLANG_WARN_BLOCK_CAPTURE_AUTORELEASING = YES;
				CLANG_WARN_BOOL_CONVERSION = YES;
				CLANG_WARN_COMMA = YES;
				CLANG_WARN_CONSTANT_CONVERSION = YES;
				CLANG_WARN_DEPRECATED_OBJC_IMPLEMENTATIONS = YES;
				CLANG_WARN_DIRECT_OBJC_ISA_USAGE = YES_ERROR;
				CLANG_WARN_DOCUMENTATION_COMMENTS = YES;
				CLANG_WARN_EMPTY_BODY = YES;
				CLANG_WARN_ENUM_CONVERSION = YES;
				CLANG_WARN_INFINITE_RECURSION = YES;
				CLANG_WARN_INT_CONVERSION = YES;
				CLANG_WARN_NON_LITERAL_NULL_CONVERSION = YES;
				CLANG_WARN_OBJC_IMPLICIT_RETAIN_SELF = YES;
				CLANG_WARN_OBJC_LITERAL_CONVERSION = YES;
				CLANG_WARN_OBJC_ROOT_CLASS = YES_ERROR;
				CLANG_WARN_QUOTED_INCLUDE_IN_FRAMEWORK_HEADER = YES;
				CLANG_WARN_RANGE_LOOP_ANALYSIS = YES;
				CLANG_WARN_STRICT_PROTOTYPES = YES;
				CLANG_WARN_SUSPICIOUS_MOVE = YES;
				CLANG_WARN_UNGUARDED_AVAILABILITY = YES_AGGRESSIVE;
				CLANG_WARN_UNREACHABLE_CODE = YES;
				CLANG_WARN__DUPLICATE_METHOD_MATCH = YES;
				COPY_PHASE_STRIP = NO;
				DEBUG_INFORMATION_FORMAT = dwarf;
				ENABLE_STRICT_OBJC_MSGSEND = YES;
				ENABLE_TESTABILITY = YES;
				GCC_C_LANGUAGE_STANDARD = gnu11;
				GCC_DYNAMIC_NO_PIC = NO;
				GCC_NO_COMMON_BLOCKS = YES;
				GCC_OPTIMIZATION_LEVEL = 0;
				GCC_PREPROCESSOR_DEFINITIONS = (
					"DEBUG=1",
					"$(inherited)",
				);
				GCC_WARN_64_TO_32_BIT_CONVERSION = YES;
				GCC_WARN_ABOUT_RETURN_TYPE = YES_ERROR;
				GCC_WARN_UNDECLARED_SELECTOR = YES;
				GCC_WARN_UNINITIALIZED_AUTOS = YES_AGGRESSIVE;
				GCC_WARN_UNUSED_FUNCTION = YES;
				GCC_WARN_UNUSED_VARIABLE = YES;
				IPHONEOS_DEPLOYMENT_TARGET = 16.0;
				MTL_ENABLE_DEBUG_INFO = INCLUDE_SOURCE;
				MTL_FAST_MATH = YES;
				ONLY_ACTIVE_ARCH = YES;
				SDKROOT = iphoneos;
				SWIFT_ACTIVE_COMPILATION_CONDITIONS = DEBUG;
				SWIFT_OPTIMIZATION_LEVEL = "-Onone";
			};
			name = Debug;
		};
		E008F6F728F2D19200AB4A33 /* Release */ = {
			isa = XCBuildConfiguration;
			buildSettings = {
				ALWAYS_SEARCH_USER_PATHS = NO;
				CLANG_ANALYZER_NONNULL = YES;
				CLANG_ANALYZER_NUMBER_OBJECT_CONVERSION = YES_AGGRESSIVE;
				CLANG_CXX_LANGUAGE_STANDARD = "gnu++20";
				CLANG_ENABLE_MODULES = YES;
				CLANG_ENABLE_OBJC_ARC = YES;
				CLANG_ENABLE_OBJC_WEAK = YES;
				CLANG_WARN_BLOCK_CAPTURE_AUTORELEASING = YES;
				CLANG_WARN_BOOL_CONVERSION = YES;
				CLANG_WARN_COMMA = YES;
				CLANG_WARN_CONSTANT_CONVERSION = YES;
				CLANG_WARN_DEPRECATED_OBJC_IMPLEMENTATIONS = YES;
				CLANG_WARN_DIRECT_OBJC_ISA_USAGE = YES_ERROR;
				CLANG_WARN_DOCUMENTATION_COMMENTS = YES;
				CLANG_WARN_EMPTY_BODY = YES;
				CLANG_WARN_ENUM_CONVERSION = YES;
				CLANG_WARN_INFINITE_RECURSION = YES;
				CLANG_WARN_INT_CONVERSION = YES;
				CLANG_WARN_NON_LITERAL_NULL_CONVERSION = YES;
				CLANG_WARN_OBJC_IMPLICIT_RETAIN_SELF = YES;
				CLANG_WARN_OBJC_LITERAL_CONVERSION = YES;
				CLANG_WARN_OBJC_ROOT_CLASS = YES_ERROR;
				CLANG_WARN_QUOTED_INCLUDE_IN_FRAMEWORK_HEADER = YES;
				CLANG_WARN_RANGE_LOOP_ANALYSIS = YES;
				CLANG_WARN_STRICT_PROTOTYPES = YES;
				CLANG_WARN_SUSPICIOUS_MOVE = YES;
				CLANG_WARN_UNGUARDED_AVAILABILITY = YES_AGGRESSIVE;
				CLANG_WARN_UNREACHABLE_CODE = YES;
				CLANG_WARN__DUPLICATE_METHOD_MATCH = YES;
				COPY_PHASE_STRIP = NO;
				DEBUG_INFORMATION_FORMAT = "dwarf-with-dsym";
				ENABLE_NS_ASSERTIONS = NO;
				ENABLE_STRICT_OBJC_MSGSEND = YES;
				GCC_C_LANGUAGE_STANDARD = gnu11;
				GCC_NO_COMMON_BLOCKS = YES;
				GCC_WARN_64_TO_32_BIT_CONVERSION = YES;
				GCC_WARN_ABOUT_RETURN_TYPE = YES_ERROR;
				GCC_WARN_UNDECLARED_SELECTOR = YES;
				GCC_WARN_UNINITIALIZED_AUTOS = YES_AGGRESSIVE;
				GCC_WARN_UNUSED_FUNCTION = YES;
				GCC_WARN_UNUSED_VARIABLE = YES;
				IPHONEOS_DEPLOYMENT_TARGET = 16.0;
				MTL_ENABLE_DEBUG_INFO = NO;
				MTL_FAST_MATH = YES;
				SDKROOT = iphoneos;
				SWIFT_COMPILATION_MODE = wholemodule;
				SWIFT_OPTIMIZATION_LEVEL = "-O";
				VALIDATE_PRODUCT = YES;
			};
			name = Release;
		};
		E008F6F928F2D19200AB4A33 /* Debug */ = {
			isa = XCBuildConfiguration;
			buildSettings = {
				ASSETCATALOG_COMPILER_APPICON_NAME = AppIcon;
				ASSETCATALOG_COMPILER_GLOBAL_ACCENT_COLOR_NAME = AccentColor;
				CODE_SIGN_STYLE = Automatic;
				CURRENT_PROJECT_VERSION = 1;
				DEVELOPMENT_ASSET_PATHS = "\"test_ios_workflow/Preview Content\"";
				DEVELOPMENT_TEAM = ABV2TJ2ZTK;
				ENABLE_PREVIEWS = YES;
				GENERATE_INFOPLIST_FILE = YES;
				INFOPLIST_KEY_UIApplicationSceneManifest_Generation = YES;
				INFOPLIST_KEY_UIApplicationSupportsIndirectInputEvents = YES;
				INFOPLIST_KEY_UILaunchScreen_Generation = YES;
				INFOPLIST_KEY_UISupportedInterfaceOrientations_iPad = "UIInterfaceOrientationPortrait UIInterfaceOrientationPortraitUpsideDown UIInterfaceOrientationLandscapeLeft UIInterfaceOrientationLandscapeRight";
				INFOPLIST_KEY_UISupportedInterfaceOrientations_iPhone = "UIInterfaceOrientationPortrait UIInterfaceOrientationLandscapeLeft UIInterfaceOrientationLandscapeRight";
				LD_RUNPATH_SEARCH_PATHS = (
					"$(inherited)",
					"@executable_path/Frameworks",
				);
				MARKETING_VERSION = 1.0;
				PRODUCT_BUNDLE_IDENTIFIER = "com.example.test-ios-workflow";
				PRODUCT_NAME = "$(TARGET_NAME)";
				SWIFT_EMIT_LOC_STRINGS = YES;
				SWIFT_VERSION = 5.0;
				TARGETED_DEVICE_FAMILY = "1,2";
			};
			name = Debug;
		};
		E008F6FA28F2D19200AB4A33 /* Release */ = {
			isa = XCBuildConfiguration;
			buildSettings = {
				ASSETCATALOG_COMPILER_APPICON_NAME = AppIcon;
				ASSETCATALOG_COMPILER_GLOBAL_ACCENT_COLOR_NAME = AccentColor;
				CODE_SIGN_STYLE = Automatic;
				CURRENT_PROJECT_VERSION = 1;
				DEVELOPMENT_ASSET_PATHS = "\"test_ios_workflow/Preview Content\"";
				DEVELOPMENT_TEAM = ABV2TJ2ZTK;
				ENABLE_PREVIEWS = YES;
				GENERATE_INFOPLIST_FILE = YES;
				INFOPLIST_KEY_UIApplicationSceneManifest_Generation = YES;
				INFOPLIST_KEY_UIApplicationSupportsIndirectInputEvents = YES;
				INFOPLIST_KEY_UILaunchScreen_Generation = YES;
				INFOPLIST_KEY_UISupportedInterfaceOrientations_iPad = "UIInterfaceOrientationPortrait UIInterfaceOrientationPortraitUpsideDown UIInterfaceOrientationLandscapeLeft UIInterfaceOrientationLandscapeRight";
				INFOPLIST_KEY_UISupportedInterfaceOrientations_iPhone = "UIInterfaceOrientationPortrait UIInterfaceOrientationLandscapeLeft UIInterfaceOrientationLandscapeRight";
				LD_RUNPATH_SEARCH_PATHS = (
					"$(inherited)",
					"@executable_path/Frameworks",
				);
				MARKETING_VERSION = 1.0;
				PRODUCT_BUNDLE_IDENTIFIER = "com.example.test-ios-workflow";
				PRODUCT_NAME = "$(TARGET_NAME)";
				SWIFT_EMIT_LOC_STRINGS = YES;
				SWIFT_VERSION = 5.0;
				TARGETED_DEVICE_FAMILY = "1,2";
			};
			name = Release;
		};
		E008F6FC28F2D19200AB4A33 /* Debug */ = {
			isa = XCBuildConfiguration;
			buildSettings = {
				ALWAYS_EMBED_SWIFT_STANDARD_LIBRARIES = YES;
				BUNDLE_LOADER = "$(TEST_HOST)";
				CODE_SIGN_STYLE = Automatic;
				CURRENT_PROJECT_VERSION = 1;
				DEVELOPMENT_TEAM = ABV2TJ2ZTK;
				GENERATE_INFOPLIST_FILE = YES;
				IPHONEOS_DEPLOYMENT_TARGET = 16.0;
				MARKETING_VERSION = 1.0;
				PRODUCT_BUNDLE_IDENTIFIER = "com.example.test-ios-workflowTests";
				PRODUCT_NAME = "$(TARGET_NAME)";
				SWIFT_EMIT_LOC_STRINGS = NO;
				SWIFT_VERSION = 5.0;
				TARGETED_DEVICE_FAMILY = "1,2";
				TEST_HOST = "$(BUILT_PRODUCTS_DIR)/test_ios_workflow.app/$(BUNDLE_EXECUTABLE_FOLDER_PATH)/test_ios_workflow";
			};
			name = Debug;
		};
		E008F6FD28F2D19200AB4A33 /* Release */ = {
			isa = XCBuildConfiguration;
			buildSettings = {
				ALWAYS_EMBED_SWIFT_STANDARD_LIBRARIES = YES;
				BUNDLE_LOADER = "$(TEST_HOST)";
				CODE_SIGN_STYLE = Automatic;
				CURRENT_PROJECT_VERSION = 1;
				DEVELOPMENT_TEAM = ABV2TJ2ZTK;
				GENERATE_INFOPLIST_FILE = YES;
				IPHONEOS_DEPLOYMENT_TARGET = 16.0;
				MARKETING_VERSION = 1.0;
				PRODUCT_BUNDLE_IDENTIFIER = "com.example.test-ios-workflowTests";
				PRODUCT_NAME = "$(TARGET_NAME)";
				SWIFT_EMIT_LOC_STRINGS = NO;
				SWIFT_VERSION = 5.0;
				TARGETED_DEVICE_FAMILY = "1,2";
				TEST_HOST = "$(BUILT_PRODUCTS_DIR)/test_ios_workflow.app/$(BUNDLE_EXECUTABLE_FOLDER_PATH)/test_ios_workflow";
			};
			name = Release;
		};
		E008F6FF28F2D19200AB4A33 /* Debug */ = {
			isa = XCBuildConfiguration;
			buildSettings = {
				ALWAYS_EMBED_SWIFT_STANDARD_LIBRARIES = YES;
				CODE_SIGN_STYLE = Automatic;
				CURRENT_PROJECT_VERSION = 1;
				DEVELOPMENT_TEAM = ABV2TJ2ZTK;
				GENERATE_INFOPLIST_FILE = YES;
				MARKETING_VERSION = 1.0;
				PRODUCT_BUNDLE_IDENTIFIER = "com.example.test-ios-workflowUITests";
				PRODUCT_NAME = "$(TARGET_NAME)";
				SWIFT_EMIT_LOC_STRINGS = NO;
				SWIFT_VERSION = 5.0;
				TARGETED_DEVICE_FAMILY = "1,2";
				TEST_TARGET_NAME = test_ios_workflow;
			};
			name = Debug;
		};
		E008F70028F2D19200AB4A33 /* Release */ = {
			isa = XCBuildConfiguration;
			buildSettings = {
				ALWAYS_EMBED_SWIFT_STANDARD_LIBRARIES = YES;
				CODE_SIGN_STYLE = Automatic;
				CURRENT_PROJECT_VERSION = 1;
				DEVELOPMENT_TEAM = ABV2TJ2ZTK;
				GENERATE_INFOPLIST_FILE = YES;
				MARKETING_VERSION = 1.0;
				PRODUCT_BUNDLE_IDENTIFIER = "com.example.test-ios-workflowUITests";
				PRODUCT_NAME = "$(TARGET_NAME)";
				SWIFT_EMIT_LOC_STRINGS = NO;
				SWIFT_VERSION = 5.0;
				TARGETED_DEVICE_FAMILY = "1,2";
				TEST_TARGET_NAME = test_ios_workflow;
			};
			name = Release;
		};
/* End XCBuildConfiguration section */

/* Begin XCConfigurationList section */
		E008F6CF28F2D19100AB4A33 /* Build configuration list for PBXProject "test_ios_workflow" */ = {
			isa = XCConfigurationList;
			buildConfigurations = (
				E008F6F628F2D19200AB4A33 /* Debug */,
				E008F6F728F2D19200AB4A33 /* Release */,
			);
			defaultConfigurationIsVisible = 0;
			defaultConfigurationName = Release;
		};
		E008F6F828F2D19200AB4A33 /* Build configuration list for PBXNativeTarget "test_ios_workflow" */ = {
			isa = XCConfigurationList;
			buildConfigurations = (
				E008F6F928F2D19200AB4A33 /* Debug */,
				E008F6FA28F2D19200AB4A33 /* Release */,
			);
			defaultConfigurationIsVisible = 0;
			defaultConfigurationName = Release;
		};
		E008F6FB28F2D19200AB4A33 /* Build configuration list for PBXNativeTarget "test_ios_workflowTests" */ = {
			isa = XCConfigurationList;
			buildConfigurations = (
				E008F6FC28F2D19200AB4A33 /* Debug */,
				E008F6FD28F2D19200AB4A33 /* Release */,
			);
			defaultConfigurationIsVisible = 0;
			defaultConfigurationName = Release;
		};
		E008F6FE28F2D19200AB4A33 /* Build configuration list for PBXNativeTarget "test_ios_workflowUITests" */ = {
			isa = XCConfigurationList;
			buildConfigurations = (
				E008F6FF28F2D19200AB4A33 /* Debug */,
				E008F70028F2D19200AB4A33 /* Release */,
			);
			defaultConfigurationIsVisible = 0;
			defaultConfigurationName = Release;
		};
/* End XCConfigurationList section */
	};
	rootObject = E008F6CC28F2D19100AB4A33 /* Project object */;
}
